
Microsoft Visual Studio Solution File, Format Version 12.00
# Visual Studio Version 17
VisualStudioVersion = 17.11.35312.102
MinimumVisualStudioVersion = 10.0.40219.1
Project("{9A19103F-16F7-4668-BE54-9A1E7A4F7556}") = "BusinessApp.API19Tema", "BusinessApp.API19Tema.csproj", "{3EF25362-4043-46FE-9B4F-CF51FA53882A}"
EndProject
Project("{FAE04EC0-301F-11D3-BF4B-00C04F79EFBC}") = "BusinessApp.API19Tema.Client", "..\BusinessApp.API19Tema.Client\BusinessApp.API19Tema.Client.csproj", "{06235D33-CCAC-4F4C-84DB-E854E1F27201}"
EndProject
Global
	GlobalSection(SolutionConfigurationPlatforms) = preSolution
		Debug|Any CPU = Debug|Any CPU
		Release|Any CPU = Release|Any CPU
	EndGlobalSection
	GlobalSection(ProjectConfigurationPlatforms) = postSolution
		{3EF25362-4043-46FE-9B4F-CF51FA53882A}.Debug|Any CPU.ActiveCfg = Debug|Any CPU
		{3EF25362-4043-46FE-9B4F-CF51FA53882A}.Debug|Any CPU.Build.0 = Debug|Any CPU
		{3EF25362-4043-46FE-9B4F-CF51FA53882A}.Release|Any CPU.ActiveCfg = Release|Any CPU
		{3EF25362-4043-46FE-9B4F-CF51FA53882A}.Release|Any CPU.Build.0 = Release|Any CPU
		{06235D33-CCAC-4F4C-84DB-E854E1F27201}.Debug|Any CPU.ActiveCfg = Debug|Any CPU
		{06235D33-CCAC-4F4C-84DB-E854E1F27201}.Debug|Any CPU.Build.0 = Debug|Any CPU
		{06235D33-CCAC-4F4C-84DB-E854E1F27201}.Release|Any CPU.ActiveCfg = Release|Any CPU
		{06235D33-CCAC-4F4C-84DB-E854E1F27201}.Release|Any CPU.Build.0 = Release|Any CPU
	EndGlobalSection
	GlobalSection(SolutionProperties) = preSolution
		HideSolutionNode = FALSE
	EndGlobalSection
	GlobalSection(ExtensibilityGlobals) = postSolution
		SolutionGuid = {FD3397BA-9F65-428D-9CE3-3882FEFA39A6}
	EndGlobalSection
EndGlobal
